
Microsoft Visual Studio Solution File, Format Version 12.00
# Visual Studio Version 18
VisualStudioVersion = 18.4.11626.88 stable
MinimumVisualStudioVersion = 10.0.40219.1
Project("{8BC9CEB8-8B4A-11D0-8D11-00A0C91BC942}") = "Protheus", "Protheus.vcxproj", "{5CC6CAA8-6F67-49DF-9719-9C7339817F74}"
EndProject
Global
	GlobalSection(SolutionConfigurationPlatforms) = preSolution
		Debug|x64 = Debug|x64
		Debug|x86 = Debug|x86
		Release|x64 = Release|x64
		Release|x86 = Release|x86
	EndGlobalSection
	GlobalSection(ProjectConfigurationPlatforms) = postSolution
		{5CC6CAA8-6F67-49DF-9719-9C7339817F74}.Debug|x64.ActiveCfg = Debug|x64
		{5CC6CAA8-6F67-49DF-9719-9C7339817F74}.Debug|x64.Build.0 = Debug|x64
		{5CC6CAA8-6F67-49DF-9719-9C7339817F74}.Debug|x86.ActiveCfg = Debug|Win32
		{5CC6CAA8-6F67-49DF-9719-9C7339817F74}.Debug|x86.Build.0 = Debug|Win32
		{5CC6CAA8-6F67-49DF-9719-9C7339817F74}.Release|x64.ActiveCfg = Release|x64
		{5CC6CAA8-6F67-49DF-9719-9C7339817F74}.Release|x64.Build.0 = Release|x64
		{5CC6CAA8-6F67-49DF-9719-9C7339817F74}.Release|x86.ActiveCfg = Release|Win32
		{5CC6CAA8-6F67-49DF-9719-9C7339817F74}.Release|x86.Build.0 = Release|Win32
	EndGlobalSection
	GlobalSection(SolutionProperties) = preSolution
		HideSolutionNode = FALSE
	EndGlobalSection
	GlobalSection(ExtensibilityGlobals) = postSolution
		SolutionGuid = {5460CB81-0A8F-406A-BC99-5F4CA0AF3A38}
	EndGlobalSection
EndGlobal
